
Microsoft Visual Studio Solution File, Format Version 12.00
# Visual Studio Version 17
VisualStudioVersion = 17.14.36121.58 d17.14
MinimumVisualStudioVersion = 10.0.40219.1
Project("{8BC9CEB8-8B4A-11D0-8D11-00A0C91BC942}") = "pesXeditor", "pesXeditor.vcxproj", "{957C358D-EF88-4298-B847-3C59B3E16D3A}"
EndProject
Global
	GlobalSection(SolutionConfigurationPlatforms) = preSolution
		Debug|x64 = Debug|x64
		Debug|x86 = Debug|x86
		Release|x64 = Release|x64
		Release|x86 = Release|x86
	EndGlobalSection
	GlobalSection(ProjectConfigurationPlatforms) = postSolution
		{957C358D-EF88-4298-B847-3C59B3E16D3A}.Debug|x64.ActiveCfg = Debug|x64
		{957C358D-EF88-4298-B847-3C59B3E16D3A}.Debug|x64.Build.0 = Debug|x64
		{957C358D-EF88-4298-B847-3C59B3E16D3A}.Debug|x86.ActiveCfg = Debug|Win32
		{957C358D-EF88-4298-B847-3C59B3E16D3A}.Debug|x86.Build.0 = Debug|Win32
		{957C358D-EF88-4298-B847-3C59B3E16D3A}.Release|x64.ActiveCfg = Release|x64
		{957C358D-EF88-4298-B847-3C59B3E16D3A}.Release|x64.Build.0 = Release|x64
		{957C358D-EF88-4298-B847-3C59B3E16D3A}.Release|x86.ActiveCfg = Release|Win32
		{957C358D-EF88-4298-B847-3C59B3E16D3A}.Release|x86.Build.0 = Release|Win32
	EndGlobalSection
	GlobalSection(SolutionProperties) = preSolution
		HideSolutionNode = FALSE
	EndGlobalSection
	GlobalSection(ExtensibilityGlobals) = postSolution
		SolutionGuid = {07A6F891-47AE-4BBE-B921-44E2BD0567A4}
	EndGlobalSection
EndGlobal
